// !$*UTF8*$!
{
	archiveVersion = 1;
	classes = {
	};
	objectVersion = 50;
	objects = {

/* Begin PBXBuildFile section */
		23084BC8224872FD00DE329D /* AppDelegate.swift in Sources */ = {isa = PBXBuildFile; fileRef = 23084BC7224872FD00DE329D /* AppDelegate.swift */; };
		23084BCA224872FD00DE329D /* RootViewController.swift in Sources */ = {isa = PBXBuildFile; fileRef = 23084BC9224872FD00DE329D /* RootViewController.swift */; };
		23084BCF2248730000DE329D /* Assets.xcassets in Resources */ = {isa = PBXBuildFile; fileRef = 23084BCE2248730000DE329D /* Assets.xcassets */; };
		23084BD22248730000DE329D /* LaunchScreen.storyboard in Resources */ = {isa = PBXBuildFile; fileRef = 23084BD02248730000DE329D /* LaunchScreen.storyboard */; };
		2309C90922967B82002762FB /* CommonTVCell.swift in Sources */ = {isa = PBXBuildFile; fileRef = 2309C90422967B82002762FB /* CommonTVCell.swift */; };
		2309C90A22967B82002762FB /* CoFirstVC.swift in Sources */ = {isa = PBXBuildFile; fileRef = 2309C90622967B82002762FB /* CoFirstVC.swift */; };
		2309C90B22967B82002762FB /* MHZNavigaitonC.swift in Sources */ = {isa = PBXBuildFile; fileRef = 2309C90822967B82002762FB /* MHZNavigaitonC.swift */; };
		2309C90E22968A64002762FB /* CommonTabBarVC.swift in Sources */ = {isa = PBXBuildFile; fileRef = 2309C90D22968A64002762FB /* CommonTabBarVC.swift */; };
		2309C91022968DCC002762FB /* RootMyVC.swift in Sources */ = {isa = PBXBuildFile; fileRef = 2309C90F22968DCC002762FB /* RootMyVC.swift */; };
		2343AA2B22A5063A00E056F5 /* MHZUpLowLowerContentView.swift in Sources */ = {isa = PBXBuildFile; fileRef = 2343AA2A22A5063A00E056F5 /* MHZUpLowLowerContentView.swift */; };
		23BA67FE229FAA79009AEBA2 /* MHZLinkListVC.swift in Sources */ = {isa = PBXBuildFile; fileRef = 23BA67FD229FAA79009AEBA2 /* MHZLinkListVC.swift */; };
		23BA6800229FD26E009AEBA2 /* MHZUpLowLinkView.swift in Sources */ = {isa = PBXBuildFile; fileRef = 23BA67FF229FD26E009AEBA2 /* MHZUpLowLinkView.swift */; };
		23BA6802229FE372009AEBA2 /* MHZUpLowUpperCell.swift in Sources */ = {isa = PBXBuildFile; fileRef = 23BA6801229FE372009AEBA2 /* MHZUpLowUpperCell.swift */; };
		23EB63A2229E351200EE1BAA /* MHZTouchTBVC.swift in Sources */ = {isa = PBXBuildFile; fileRef = 23EB63A1229E351200EE1BAA /* MHZTouchTBVC.swift */; };
		23EB63A4229E36E000EE1BAA /* MHZTouchTBVCell.swift in Sources */ = {isa = PBXBuildFile; fileRef = 23EB63A3229E36E000EE1BAA /* MHZTouchTBVCell.swift */; };
		23EB63A6229E7C6000EE1BAA /* MHZTouchDetailVC.swift in Sources */ = {isa = PBXBuildFile; fileRef = 23EB63A5229E7C6000EE1BAA /* MHZTouchDetailVC.swift */; };
		23FA3BBF22A0CA9B008C2BB8 /* MHZUpLowLowerCell.swift in Sources */ = {isa = PBXBuildFile; fileRef = 23FA3BBE22A0CA9B008C2BB8 /* MHZUpLowLowerCell.swift */; };
		23FA3BC222A0CE40008C2BB8 /* MHZViewExtensions.swift in Sources */ = {isa = PBXBuildFile; fileRef = 23FA3BC122A0CE40008C2BB8 /* MHZViewExtensions.swift */; };
		23FA3BC422A126C4008C2BB8 /* MHZUIDefine.swift in Sources */ = {isa = PBXBuildFile; fileRef = 23FA3BC322A126C4008C2BB8 /* MHZUIDefine.swift */; };
		C8ADB505BFD8AB3B8C124ECF /* libPods-MHZWidget.a in Frameworks */ = {isa = PBXBuildFile; fileRef = 694BCF1EC9BE0AC66BB8B8C0 /* libPods-MHZWidget.a */; };
/* End PBXBuildFile section */

/* Begin PBXFileReference section */
		23084BC4224872FD00DE329D /* MHZWidget.app */ = {isa = PBXFileReference; explicitFileType = wrapper.application; includeInIndex = 0; path = MHZWidget.app; sourceTree = BUILT_PRODUCTS_DIR; };
		23084BC7224872FD00DE329D /* AppDelegate.swift */ = {isa = PBXFileReference; lastKnownFileType = sourcecode.swift; path = AppDelegate.swift; sourceTree = "<group>"; };
		23084BC9224872FD00DE329D /* RootViewController.swift */ = {isa = PBXFileReference; lastKnownFileType = sourcecode.swift; path = RootViewController.swift; sourceTree = "<group>"; };
		23084BCE2248730000DE329D /* Assets.xcassets */ = {isa = PBXFileReference; lastKnownFileType = folder.assetcatalog; path = Assets.xcassets; sourceTree = "<group>"; };
		23084BD12248730000DE329D /* Base */ = {isa = PBXFileReference; lastKnownFileType = file.storyboard; name = Base; path = Base.lproj/LaunchScreen.storyboard; sourceTree = "<group>"; };
		23084BD32248730000DE329D /* Info.plist */ = {isa = PBXFileReference; lastKnownFileType = text.plist.xml; path = Info.plist; sourceTree = "<group>"; };
		2309C90422967B82002762FB /* CommonTVCell.swift */ = {isa = PBXFileReference; fileEncoding = 4; lastKnownFileType = sourcecode.swift; path = CommonTVCell.swift; sourceTree = "<group>"; };
		2309C90622967B82002762FB /* CoFirstVC.swift */ = {isa = PBXFileReference; fileEncoding = 4; lastKnownFileType = sourcecode.swift; path = CoFirstVC.swift; sourceTree = "<group>"; };
		2309C90822967B82002762FB /* MHZNavigaitonC.swift */ = {isa = PBXFileReference; fileEncoding = 4; lastKnownFileType = sourcecode.swift; path = MHZNavigaitonC.swift; sourceTree = "<group>"; };
		2309C90D22968A64002762FB /* CommonTabBarVC.swift */ = {isa = PBXFileReference; lastKnownFileType = sourcecode.swift; path = CommonTabBarVC.swift; sourceTree = "<group>"; };
		2309C90F22968DCC002762FB /* RootMyVC.swift */ = {isa = PBXFileReference; lastKnownFileType = sourcecode.swift; path = RootMyVC.swift; sourceTree = "<group>"; };
		2343AA2A22A5063A00E056F5 /* MHZUpLowLowerContentView.swift */ = {isa = PBXFileReference; lastKnownFileType = sourcecode.swift; path = MHZUpLowLowerContentView.swift; sourceTree = "<group>"; };
		23BA67FD229FAA79009AEBA2 /* MHZLinkListVC.swift */ = {isa = PBXFileReference; lastKnownFileType = sourcecode.swift; path = MHZLinkListVC.swift; sourceTree = "<group>"; };
		23BA67FF229FD26E009AEBA2 /* MHZUpLowLinkView.swift */ = {isa = PBXFileReference; lastKnownFileType = sourcecode.swift; path = MHZUpLowLinkView.swift; sourceTree = "<group>"; };
		23BA6801229FE372009AEBA2 /* MHZUpLowUpperCell.swift */ = {isa = PBXFileReference; lastKnownFileType = sourcecode.swift; path = MHZUpLowUpperCell.swift; sourceTree = "<group>"; };
		23EB63A1229E351200EE1BAA /* MHZTouchTBVC.swift */ = {isa = PBXFileReference; lastKnownFileType = sourcecode.swift; path = MHZTouchTBVC.swift; sourceTree = "<group>"; };
		23EB63A3229E36E000EE1BAA /* MHZTouchTBVCell.swift */ = {isa = PBXFileReference; lastKnownFileType = sourcecode.swift; path = MHZTouchTBVCell.swift; sourceTree = "<group>"; };
		23EB63A5229E7C6000EE1BAA /* MHZTouchDetailVC.swift */ = {isa = PBXFileReference; lastKnownFileType = sourcecode.swift; path = MHZTouchDetailVC.swift; sourceTree = "<group>"; };
		23FA3BBE22A0CA9B008C2BB8 /* MHZUpLowLowerCell.swift */ = {isa = PBXFileReference; lastKnownFileType = sourcecode.swift; path = MHZUpLowLowerCell.swift; sourceTree = "<group>"; };
		23FA3BC122A0CE40008C2BB8 /* MHZViewExtensions.swift */ = {isa = PBXFileReference; lastKnownFileType = sourcecode.swift; path = MHZViewExtensions.swift; sourceTree = "<group>"; };
		23FA3BC322A126C4008C2BB8 /* MHZUIDefine.swift */ = {isa = PBXFileReference; lastKnownFileType = sourcecode.swift; path = MHZUIDefine.swift; sourceTree = "<group>"; };
		694BCF1EC9BE0AC66BB8B8C0 /* libPods-MHZWidget.a */ = {isa = PBXFileReference; explicitFileType = archive.ar; includeInIndex = 0; path = "libPods-MHZWidget.a"; sourceTree = BUILT_PRODUCTS_DIR; };
		93248C00F51A5B81A8C7B7AE /* Pods-MHZWidget.debug.xcconfig */ = {isa = PBXFileReference; includeInIndex = 1; lastKnownFileType = text.xcconfig; name = "Pods-MHZWidget.debug.xcconfig"; path = "Target Support Files/Pods-MHZWidget/Pods-MHZWidget.debug.xcconfig"; sourceTree = "<group>"; };
		F8B6D3D95AA845E1D666AF79 /* Pods-MHZWidget.release.xcconfig */ = {isa = PBXFileReference; includeInIndex = 1; lastKnownFileType = text.xcconfig; name = "Pods-MHZWidget.release.xcconfig"; path = "Target Support Files/Pods-MHZWidget/Pods-MHZWidget.release.xcconfig"; sourceTree = "<group>"; };
/* End PBXFileReference section */

/* Begin PBXFrameworksBuildPhase section */
		23084BC1224872FD00DE329D /* Frameworks */ = {
			isa = PBXFrameworksBuildPhase;
			buildActionMask = 2147483647;
			files = (
				C8ADB505BFD8AB3B8C124ECF /* libPods-MHZWidget.a in Frameworks */,
			);
			runOnlyForDeploymentPostprocessing = 0;
		};
/* End PBXFrameworksBuildPhase section */

/* Begin PBXGroup section */
		23084BBB224872FD00DE329D = {
			isa = PBXGroup;
			children = (
				23084BC6224872FD00DE329D /* MHZWidget */,
				23084BC5224872FD00DE329D /* Products */,
				978229CE6AE080A68C03D5F0 /* Pods */,
				B640F71C0E51CF65930D9561 /* Frameworks */,
			);
			sourceTree = "<group>";
		};
		23084BC5224872FD00DE329D /* Products */ = {
			isa = PBXGroup;
			children = (
				23084BC4224872FD00DE329D /* MHZWidget.app */,
			);
			name = Products;
			sourceTree = "<group>";
		};
		23084BC6224872FD00DE329D /* MHZWidget */ = {
			isa = PBXGroup;
			children = (
				2309C90222967B82002762FB /* Widgets */,
				23084BC7224872FD00DE329D /* AppDelegate.swift */,
				23084BC9224872FD00DE329D /* RootViewController.swift */,
				2309C90F22968DCC002762FB /* RootMyVC.swift */,
				23084BCE2248730000DE329D /* Assets.xcassets */,
				23084BD02248730000DE329D /* LaunchScreen.storyboard */,
				23084BD32248730000DE329D /* Info.plist */,
			);
			path = MHZWidget;
			sourceTree = "<group>";
		};
		2309C90222967B82002762FB /* Widgets */ = {
			isa = PBXGroup;
			children = (
				23FA3BC022A0CD71008C2BB8 /* Tools */,
				23BA67FA229FAA3A009AEBA2 /* LinkedList */,
				23EB639D229E34B400EE1BAA /* 3DTouchTBV */,
				2309C90C22968A19002762FB /* tabbar */,
				2309C90322967B82002762FB /* commonCell */,
				2309C90522967B82002762FB /* commonVC */,
				2309C90722967B82002762FB /* navigation */,
			);
			path = Widgets;
			sourceTree = "<group>";
		};
		2309C90322967B82002762FB /* commonCell */ = {
			isa = PBXGroup;
			children = (
				2309C90422967B82002762FB /* CommonTVCell.swift */,
			);
			path = commonCell;
			sourceTree = "<group>";
		};
		2309C90522967B82002762FB /* commonVC */ = {
			isa = PBXGroup;
			children = (
				2309C90622967B82002762FB /* CoFirstVC.swift */,
			);
			path = commonVC;
			sourceTree = "<group>";
		};
		2309C90722967B82002762FB /* navigation */ = {
			isa = PBXGroup;
			children = (
				2309C90822967B82002762FB /* MHZNavigaitonC.swift */,
			);
			path = navigation;
			sourceTree = "<group>";
		};
		2309C90C22968A19002762FB /* tabbar */ = {
			isa = PBXGroup;
			children = (
				2309C90D22968A64002762FB /* CommonTabBarVC.swift */,
			);
			path = tabbar;
			sourceTree = "<group>";
		};
		23BA67FA229FAA3A009AEBA2 /* LinkedList */ = {
			isa = PBXGroup;
			children = (
				23BA67FC229FAA53009AEBA2 /* View */,
				23BA67FB229FAA4B009AEBA2 /* Controller */,
			);
			path = LinkedList;
			sourceTree = "<group>";
		};
		23BA67FB229FAA4B009AEBA2 /* Controller */ = {
			isa = PBXGroup;
			children = (
				23BA67FD229FAA79009AEBA2 /* MHZLinkListVC.swift */,
			);
			path = Controller;
			sourceTree = "<group>";
		};
		23BA67FC229FAA53009AEBA2 /* View */ = {
			isa = PBXGroup;
			children = (
				23BA67FF229FD26E009AEBA2 /* MHZUpLowLinkView.swift */,
				23BA6801229FE372009AEBA2 /* MHZUpLowUpperCell.swift */,
				23FA3BBE22A0CA9B008C2BB8 /* MHZUpLowLowerCell.swift */,
				2343AA2A22A5063A00E056F5 /* MHZUpLowLowerContentView.swift */,
			);
			path = View;
			sourceTree = "<group>";
		};
		23EB639D229E34B400EE1BAA /* 3DTouchTBV */ = {
			isa = PBXGroup;
			children = (
				23EB639E229E34D900EE1BAA /* Controller */,
				23EB639F229E34D900EE1BAA /* Model */,
				23EB63A0229E34D900EE1BAA /* View */,
			);
			path = 3DTouchTBV;
			sourceTree = "<group>";
		};
		23EB639E229E34D900EE1BAA /* Controller */ = {
			isa = PBXGroup;
			children = (
				23EB63A1229E351200EE1BAA /* MHZTouchTBVC.swift */,
				23EB63A5229E7C6000EE1BAA /* MHZTouchDetailVC.swift */,
			);
			path = Controller;
			sourceTree = "<group>";
		};
		23EB639F229E34D900EE1BAA /* Model */ = {
			isa = PBXGroup;
			children = (
			);
			path = Model;
			sourceTree = "<group>";
		};
		23EB63A0229E34D900EE1BAA /* View */ = {
			isa = PBXGroup;
			children = (
				23EB63A3229E36E000EE1BAA /* MHZTouchTBVCell.swift */,
			);
			path = View;
			sourceTree = "<group>";
		};
		23FA3BC022A0CD71008C2BB8 /* Tools */ = {
			isa = PBXGroup;
			children = (
				23FA3BC122A0CE40008C2BB8 /* MHZViewExtensions.swift */,
				23FA3BC322A126C4008C2BB8 /* MHZUIDefine.swift */,
			);
			path = Tools;
			sourceTree = "<group>";
		};
		978229CE6AE080A68C03D5F0 /* Pods */ = {
			isa = PBXGroup;
			children = (
				93248C00F51A5B81A8C7B7AE /* Pods-MHZWidget.debug.xcconfig */,
				F8B6D3D95AA845E1D666AF79 /* Pods-MHZWidget.release.xcconfig */,
			);
			path = Pods;
			sourceTree = "<group>";
		};
		B640F71C0E51CF65930D9561 /* Frameworks */ = {
			isa = PBXGroup;
			children = (
				694BCF1EC9BE0AC66BB8B8C0 /* libPods-MHZWidget.a */,
			);
			name = Frameworks;
			sourceTree = "<group>";
		};
/* End PBXGroup section */

/* Begin PBXNativeTarget section */
		23084BC3224872FD00DE329D /* MHZWidget */ = {
			isa = PBXNativeTarget;
			buildConfigurationList = 23084BD62248730000DE329D /* Build configuration list for PBXNativeTarget "MHZWidget" */;
			buildPhases = (
				9FC049FE652BBBE21122B8F4 /* [CP] Check Pods Manifest.lock */,
				23084BC0224872FD00DE329D /* Sources */,
				23084BC1224872FD00DE329D /* Frameworks */,
				23084BC2224872FD00DE329D /* Resources */,
			);
			buildRules = (
			);
			dependencies = (
			);
			name = MHZWidget;
			productName = MHZWidget;
			productReference = 23084BC4224872FD00DE329D /* MHZWidget.app */;
			productType = "com.apple.product-type.application";
		};
/* End PBXNativeTarget section */

/* Begin PBXProject section */
		23084BBC224872FD00DE329D /* Project object */ = {
			isa = PBXProject;
			attributes = {
				LastSwiftUpdateCheck = 1010;
				LastUpgradeCheck = 1010;
				ORGANIZATIONNAME = HachiTech;
				TargetAttributes = {
					23084BC3224872FD00DE329D = {
						CreatedOnToolsVersion = 10.1;
					};
				};
			};
			buildConfigurationList = 23084BBF224872FD00DE329D /* Build configuration list for PBXProject "MHZWidget" */;
			compatibilityVersion = "Xcode 9.3";
			developmentRegion = en;
			hasScannedForEncodings = 0;
			knownRegions = (
				en,
				Base,
			);
			mainGroup = 23084BBB224872FD00DE329D;
			productRefGroup = 23084BC5224872FD00DE329D /* Products */;
			projectDirPath = "";
			projectRoot = "";
			targets = (
				23084BC3224872FD00DE329D /* MHZWidget */,
			);
		};
/* End PBXProject section */

/* Begin PBXResourcesBuildPhase section */
		23084BC2224872FD00DE329D /* Resources */ = {
			isa = PBXResourcesBuildPhase;
			buildActionMask = 2147483647;
			files = (
				23084BD22248730000DE329D /* LaunchScreen.storyboard in Resources */,
				23084BCF2248730000DE329D /* Assets.xcassets in Resources */,
			);
			runOnlyForDeploymentPostprocessing = 0;
		};
/* End PBXResourcesBuildPhase section */

/* Begin PBXShellScriptBuildPhase section */
		9FC049FE652BBBE21122B8F4 /* [CP] Check Pods Manifest.lock */ = {
			isa = PBXShellScriptBuildPhase;
			buildActionMask = 2147483647;
			files = (
			);
			inputFileListPaths = (
			);
			inputPaths = (
				"${PODS_PODFILE_DIR_PATH}/Podfile.lock",
				"${PODS_ROOT}/Manifest.lock",
			);
			name = "[CP] Check Pods Manifest.lock";
			outputFileListPaths = (
			);
			outputPaths = (
				"$(DERIVED_FILE_DIR)/Pods-MHZWidget-checkManifestLockResult.txt",
			);
			runOnlyForDeploymentPostprocessing = 0;
			shellPath = /bin/sh;
			shellScript = "diff \"${PODS_PODFILE_DIR_PATH}/Podfile.lock\" \"${PODS_ROOT}/Manifest.lock\" > /dev/null\nif [ $? != 0 ] ; then\n    # print error to STDERR\n    echo \"error: The sandbox is not in sync with the Podfile.lock. Run 'pod install' or update your CocoaPods installation.\" >&2\n    exit 1\nfi\n# This output is used by Xcode 'outputs' to avoid re-running this script phase.\necho \"SUCCESS\" > \"${SCRIPT_OUTPUT_FILE_0}\"\n";
			showEnvVarsInLog = 0;
		};
/* End PBXShellScriptBuildPhase section */

/* Begin PBXSourcesBuildPhase section */
		23084BC0224872FD00DE329D /* Sources */ = {
			isa = PBXSourcesBuildPhase;
			buildActionMask = 2147483647;
			files = (
				2309C91022968DCC002762FB /* RootMyVC.swift in Sources */,
				23FA3BC222A0CE40008C2BB8 /* MHZViewExtensions.swift in Sources */,
				2309C90B22967B82002762FB /* MHZNavigaitonC.swift in Sources */,
				23084BCA224872FD00DE329D /* RootViewController.swift in Sources */,
				23FA3BC422A126C4008C2BB8 /* MHZUIDefine.swift in Sources */,
				23FA3BBF22A0CA9B008C2BB8 /* MHZUpLowLowerCell.swift in Sources */,
				23EB63A6229E7C6000EE1BAA /* MHZTouchDetailVC.swift in Sources */,
				2343AA2B22A5063A00E056F5 /* MHZUpLowLowerContentView.swift in Sources */,
				23BA6800229FD26E009AEBA2 /* MHZUpLowLinkView.swift in Sources */,
				2309C90A22967B82002762FB /* CoFirstVC.swift in Sources */,
				23EB63A4229E36E000EE1BAA /* MHZTouchTBVCell.swift in Sources */,
				2309C90E22968A64002762FB /* CommonTabBarVC.swift in Sources */,
				23084BC8224872FD00DE329D /* AppDelegate.swift in Sources */,
				23BA67FE229FAA79009AEBA2 /* MHZLinkListVC.swift in Sources */,
				23BA6802229FE372009AEBA2 /* MHZUpLowUpperCell.swift in Sources */,
				23EB63A2229E351200EE1BAA /* MHZTouchTBVC.swift in Sources */,
				2309C90922967B82002762FB /* CommonTVCell.swift in Sources */,
			);
			runOnlyForDeploymentPostprocessing = 0;
		};
/* End PBXSourcesBuildPhase section */

/* Begin PBXVariantGroup section */
		23084BD02248730000DE329D /* LaunchScreen.storyboard */ = {
			isa = PBXVariantGroup;
			children = (
				23084BD12248730000DE329D /* Base */,
			);
			name = LaunchScreen.storyboard;
			sourceTree = "<group>";
		};
/* End PBXVariantGroup section */

/* Begin XCBuildConfiguration section */
		23084BD42248730000DE329D /* Debug */ = {
			isa = XCBuildConfiguration;
			buildSettings = {
				ALWAYS_SEARCH_USER_PATHS = NO;
				CLANG_ANALYZER_NONNULL = YES;
				CLANG_ANALYZER_NUMBER_OBJECT_CONVERSION = YES_AGGRESSIVE;
				CLANG_CXX_LANGUAGE_STANDARD = "gnu++14";
				CLANG_CXX_LIBRARY = "libc++";
				CLANG_ENABLE_MODULES = YES;
				CLANG_ENABLE_OBJC_ARC = YES;
				CLANG_ENABLE_OBJC_WEAK = YES;
				CLANG_WARN_BLOCK_CAPTURE_AUTORELEASING = YES;
				CLANG_WARN_BOOL_CONVERSION = YES;
				CLANG_WARN_COMMA = YES;
				CLANG_WARN_CONSTANT_CONVERSION = YES;
				CLANG_WARN_DEPRECATED_OBJC_IMPLEMENTATIONS = YES;
				CLANG_WARN_DIRECT_OBJC_ISA_USAGE = YES_ERROR;
				CLANG_WARN_DOCUMENTATION_COMMENTS = YES;
				CLANG_WARN_EMPTY_BODY = YES;
				CLANG_WARN_ENUM_CONVERSION = YES;
				CLANG_WARN_INFINITE_RECURSION = YES;
				CLANG_WARN_INT_CONVERSION = YES;
				CLANG_WARN_NON_LITERAL_NULL_CONVERSION = YES;
				CLANG_WARN_OBJC_IMPLICIT_RETAIN_SELF = YES;
				CLANG_WARN_OBJC_LITERAL_CONVERSION = YES;
				CLANG_WARN_OBJC_ROOT_CLASS = YES_ERROR;
				CLANG_WARN_RANGE_LOOP_ANALYSIS = YES;
				CLANG_WARN_STRICT_PROTOTYPES = YES;
				CLANG_WARN_SUSPICIOUS_MOVE = YES;
				CLANG_WARN_UNGUARDED_AVAILABILITY = YES_AGGRESSIVE;
				CLANG_WARN_UNREACHABLE_CODE = YES;
				CLANG_WARN__DUPLICATE_METHOD_MATCH = YES;
				CODE_SIGN_IDENTITY = "iPhone Developer";
				COPY_PHASE_STRIP = NO;
				DEBUG_INFORMATION_FORMAT = dwarf;
				ENABLE_STRICT_OBJC_MSGSEND = YES;
				ENABLE_TESTABILITY = YES;
				GCC_C_LANGUAGE_STANDARD = gnu11;
				GCC_DYNAMIC_NO_PIC = NO;
				GCC_NO_COMMON_BLOCKS = YES;
				GCC_OPTIMIZATION_LEVEL = 0;
				GCC_PREPROCESSOR_DEFINITIONS = (
					"DEBUG=1",
					"$(inherited)",
				);
				GCC_WARN_64_TO_32_BIT_CONVERSION = YES;
				GCC_WARN_ABOUT_RETURN_TYPE = YES_ERROR;
				GCC_WARN_UNDECLARED_SELECTOR = YES;
				GCC_WARN_UNINITIALIZED_AUTOS = YES_AGGRESSIVE;
				GCC_WARN_UNUSED_FUNCTION = YES;
				GCC_WARN_UNUSED_VARIABLE = YES;
				IPHONEOS_DEPLOYMENT_TARGET = 12.1;
				MTL_ENABLE_DEBUG_INFO = INCLUDE_SOURCE;
				MTL_FAST_MATH = YES;
				ONLY_ACTIVE_ARCH = YES;
				SDKROOT = iphoneos;
				SWIFT_ACTIVE_COMPILATION_CONDITIONS = DEBUG;
				SWIFT_OPTIMIZATION_LEVEL = "-Onone";
			};
			name = Debug;
		};
		23084BD52248730000DE329D /* Release */ = {
			isa = XCBuildConfiguration;
			buildSettings = {
				ALWAYS_SEARCH_USER_PATHS = NO;
				CLANG_ANALYZER_NONNULL = YES;
				CLANG_ANALYZER_NUMBER_OBJECT_CONVERSION = YES_AGGRESSIVE;
				CLANG_CXX_LANGUAGE_STANDARD = "gnu++14";
				CLANG_CXX_LIBRARY = "libc++";
				CLANG_ENABLE_MODULES = YES;
				CLANG_ENABLE_OBJC_ARC = YES;
				CLANG_ENABLE_OBJC_WEAK = YES;
				CLANG_WARN_BLOCK_CAPTURE_AUTORELEASING = YES;
				CLANG_WARN_BOOL_CONVERSION = YES;
				CLANG_WARN_COMMA = YES;
				CLANG_WARN_CONSTANT_CONVERSION = YES;
				CLANG_WARN_DEPRECATED_OBJC_IMPLEMENTATIONS = YES;
				CLANG_WARN_DIRECT_OBJC_ISA_USAGE = YES_ERROR;
				CLANG_WARN_DOCUMENTATION_COMMENTS = YES;
				CLANG_WARN_EMPTY_BODY = YES;
				CLANG_WARN_ENUM_CONVERSION = YES;
				CLANG_WARN_INFINITE_RECURSION = YES;
				CLANG_WARN_INT_CONVERSION = YES;
				CLANG_WARN_NON_LITERAL_NULL_CONVERSION = YES;
				CLANG_WARN_OBJC_IMPLICIT_RETAIN_SELF = YES;
				CLANG_WARN_OBJC_LITERAL_CONVERSION = YES;
				CLANG_WARN_OBJC_ROOT_CLASS = YES_ERROR;
				CLANG_WARN_RANGE_LOOP_ANALYSIS = YES;
				CLANG_WARN_STRICT_PROTOTYPES = YES;
				CLANG_WARN_SUSPICIOUS_MOVE = YES;
				CLANG_WARN_UNGUARDED_AVAILABILITY = YES_AGGRESSIVE;
				CLANG_WARN_UNREACHABLE_CODE = YES;
				CLANG_WARN__DUPLICATE_METHOD_MATCH = YES;
				CODE_SIGN_IDENTITY = "iPhone Developer";
				COPY_PHASE_STRIP = NO;
				DEBUG_INFORMATION_FORMAT = "dwarf-with-dsym";
				ENABLE_NS_ASSERTIONS = NO;
				ENABLE_STRICT_OBJC_MSGSEND = YES;
				GCC_C_LANGUAGE_STANDARD = gnu11;
				GCC_NO_COMMON_BLOCKS = YES;
				GCC_WARN_64_TO_32_BIT_CONVERSION = YES;
				GCC_WARN_ABOUT_RETURN_TYPE = YES_ERROR;
				GCC_WARN_UNDECLARED_SELECTOR = YES;
				GCC_WARN_UNINITIALIZED_AUTOS = YES_AGGRESSIVE;
				GCC_WARN_UNUSED_FUNCTION = YES;
				GCC_WARN_UNUSED_VARIABLE = YES;
				IPHONEOS_DEPLOYMENT_TARGET = 12.1;
				MTL_ENABLE_DEBUG_INFO = NO;
				MTL_FAST_MATH = YES;
				SDKROOT = iphoneos;
				SWIFT_COMPILATION_MODE = wholemodule;
				SWIFT_OPTIMIZATION_LEVEL = "-O";
				VALIDATE_PRODUCT = YES;
			};
			name = Release;
		};
		23084BD72248730000DE329D /* Debug */ = {
			isa = XCBuildConfiguration;
			baseConfigurationReference = 93248C00F51A5B81A8C7B7AE /* Pods-MHZWidget.debug.xcconfig */;
			buildSettings = {
				ASSETCATALOG_COMPILER_APPICON_NAME = AppIcon;
				CODE_SIGN_STYLE = Automatic;
				DEVELOPMENT_TEAM = 94KPU2F73G;
				INFOPLIST_FILE = MHZWidget/Info.plist;
				IPHONEOS_DEPLOYMENT_TARGET = 11.0;
				LD_RUNPATH_SEARCH_PATHS = (
					"$(inherited)",
					"@executable_path/Frameworks",
				);
				PRODUCT_BUNDLE_IDENTIFIER = com.hachizhineng.MHZWidget;
				PRODUCT_NAME = "$(TARGET_NAME)";
				SWIFT_VERSION = 4.2;
				TARGETED_DEVICE_FAMILY = 1;
			};
			name = Debug;
		};
		23084BD82248730000DE329D /* Release */ = {
			isa = XCBuildConfiguration;
			baseConfigurationReference = F8B6D3D95AA845E1D666AF79 /* Pods-MHZWidget.release.xcconfig */;
			buildSettings = {
				ASSETCATALOG_COMPILER_APPICON_NAME = AppIcon;
				CODE_SIGN_STYLE = Automatic;
				DEVELOPMENT_TEAM = 94KPU2F73G;
				INFOPLIST_FILE = MHZWidget/Info.plist;
				IPHONEOS_DEPLOYMENT_TARGET = 11.0;
				LD_RUNPATH_SEARCH_PATHS = (
					"$(inherited)",
					"@executable_path/Frameworks",
				);
				PRODUCT_BUNDLE_IDENTIFIER = com.hachizhineng.MHZWidget;
				PRODUCT_NAME = "$(TARGET_NAME)";
				SWIFT_VERSION = 4.2;
				TARGETED_DEVICE_FAMILY = 1;
			};
			name = Release;
		};
/* End XCBuildConfiguration section */

/* Begin XCConfigurationList section */
		23084BBF224872FD00DE329D /* Build configuration list for PBXProject "MHZWidget" */ = {
			isa = XCConfigurationList;
			buildConfigurations = (
				23084BD42248730000DE329D /* Debug */,
				23084BD52248730000DE329D /* Release */,
			);
			defaultConfigurationIsVisible = 0;
			defaultConfigurationName = Release;
		};
		23084BD62248730000DE329D /* Build configuration list for PBXNativeTarget "MHZWidget" */ = {
			isa = XCConfigurationList;
			buildConfigurations = (
				23084BD72248730000DE329D /* Debug */,
				23084BD82248730000DE329D /* Release */,
			);
			defaultConfigurationIsVisible = 0;
			defaultConfigurationName = Release;
		};
/* End XCConfigurationList section */
	};
	rootObject = 23084BBC224872FD00DE329D /* Project object */;
}
